
Microsoft Visual Studio Solution File, Format Version 12.00
# Visual Studio Version 17
VisualStudioVersion = 17.6.33829.357
MinimumVisualStudioVersion = 10.0.40219.1
Project("{FAE04EC0-301F-11D3-BF4B-00C04F79EFBC}") = "StepanProject", "StepanProject.csproj", "{696CC257-8E19-4AE1-8209-BA8D1A235351}"
EndProject
Global
	GlobalSection(SolutionConfigurationPlatforms) = preSolution
		Debug|Any CPU = Debug|Any CPU
		Release|Any CPU = Release|Any CPU
	EndGlobalSection
	GlobalSection(ProjectConfigurationPlatforms) = postSolution
		{696CC257-8E19-4AE1-8209-BA8D1A235351}.Debug|Any CPU.ActiveCfg = Debug|Any CPU
		{696CC257-8E19-4AE1-8209-BA8D1A235351}.Debug|Any CPU.Build.0 = Debug|Any CPU
		{696CC257-8E19-4AE1-8209-BA8D1A235351}.Release|Any CPU.ActiveCfg = Release|Any CPU
		{696CC257-8E19-4AE1-8209-BA8D1A235351}.Release|Any CPU.Build.0 = Release|Any CPU
	EndGlobalSection
	GlobalSection(SolutionProperties) = preSolution
		HideSolutionNode = FALSE
	EndGlobalSection
	GlobalSection(ExtensibilityGlobals) = postSolution
		SolutionGuid = {625167F2-2057-4E91-B769-300AE8E77687}
	EndGlobalSection
EndGlobal
